
Microsoft Visual Studio Solution File, Format Version 12.00
# Visual Studio 2013
VisualStudioVersion = 12.0.30501.0
MinimumVisualStudioVersion = 10.0.40219.1
Project("{9092AA53-FB77-4645-B42D-1CCCA6BD08BD}") = "TransparentBudget", "TransparentBudget\TransparentBudget.njsproj", "{7C0A47D0-0ABA-4718-AE61-2D82A84A9FF9}"
EndProject
Project("{FAE04EC0-301F-11D3-BF4B-00C04F79EFBC}") = "TransparentBudgetWP8", "wp_client\TransparentBudgetWP8\TransparentBudgetWP8.csproj", "{D8F9881E-D97E-4D61-B374-31BFD1687564}"
EndProject
Project("{262852C6-CD72-467D-83FE-5EEB1973A190}") = "CordovaTransparentBudget", "CordovaTransparentBudget\CordovaTransparentBudget.jsproj", "{1EA7450D-F7B6-458F-9078-00AAB74D95CF}"
EndProject
Global
	GlobalSection(SolutionConfigurationPlatforms) = preSolution
		Debug|Android = Debug|Android
		Debug|Any CPU = Debug|Any CPU
		Debug|ARM = Debug|ARM
		Debug|iOS = Debug|iOS
		Debug|Mixed Platforms = Debug|Mixed Platforms
		Debug|Windows Phone = Debug|Windows Phone
		Debug|Windows-AnyCPU = Debug|Windows-AnyCPU
		Debug|Windows-ARM = Debug|Windows-ARM
		Debug|Windows-x64 = Debug|Windows-x64
		Debug|Windows-x86 = Debug|Windows-x86
		Debug|x86 = Debug|x86
		Distribution|Android = Distribution|Android
		Distribution|Any CPU = Distribution|Any CPU
		Distribution|ARM = Distribution|ARM
		Distribution|iOS = Distribution|iOS
		Distribution|Mixed Platforms = Distribution|Mixed Platforms
		Distribution|Windows Phone = Distribution|Windows Phone
		Distribution|Windows-AnyCPU = Distribution|Windows-AnyCPU
		Distribution|Windows-ARM = Distribution|Windows-ARM
		Distribution|Windows-x64 = Distribution|Windows-x64
		Distribution|Windows-x86 = Distribution|Windows-x86
		Distribution|x86 = Distribution|x86
		Release|Android = Release|Android
		Release|Any CPU = Release|Any CPU
		Release|ARM = Release|ARM
		Release|iOS = Release|iOS
		Release|Mixed Platforms = Release|Mixed Platforms
		Release|Windows Phone = Release|Windows Phone
		Release|Windows-AnyCPU = Release|Windows-AnyCPU
		Release|Windows-ARM = Release|Windows-ARM
		Release|Windows-x64 = Release|Windows-x64
		Release|Windows-x86 = Release|Windows-x86
		Release|x86 = Release|x86
	EndGlobalSection
	GlobalSection(ProjectConfigurationPlatforms) = postSolution
		{7C0A47D0-0ABA-4718-AE61-2D82A84A9FF9}.Debug|Android.ActiveCfg = Debug|Any CPU
		{7C0A47D0-0ABA-4718-AE61-2D82A84A9FF9}.Debug|Any CPU.ActiveCfg = Debug|Any CPU
		{7C0A47D0-0ABA-4718-AE61-2D82A84A9FF9}.Debug|Any CPU.Build.0 = Debug|Any CPU
		{7C0A47D0-0ABA-4718-AE61-2D82A84A9FF9}.Debug|ARM.ActiveCfg = Debug|Any CPU
		{7C0A47D0-0ABA-4718-AE61-2D82A84A9FF9}.Debug|iOS.ActiveCfg = Debug|Any CPU
		{7C0A47D0-0ABA-4718-AE61-2D82A84A9FF9}.Debug|Mixed Platforms.ActiveCfg = Debug|Any CPU
		{7C0A47D0-0ABA-4718-AE61-2D82A84A9FF9}.Debug|Mixed Platforms.Build.0 = Debug|Any CPU
		{7C0A47D0-0ABA-4718-AE61-2D82A84A9FF9}.Debug|Windows Phone.ActiveCfg = Debug|Any CPU
		{7C0A47D0-0ABA-4718-AE61-2D82A84A9FF9}.Debug|Windows-AnyCPU.ActiveCfg = Debug|Any CPU
		{7C0A47D0-0ABA-4718-AE61-2D82A84A9FF9}.Debug|Windows-ARM.ActiveCfg = Debug|Any CPU
		{7C0A47D0-0ABA-4718-AE61-2D82A84A9FF9}.Debug|Windows-x64.ActiveCfg = Debug|Any CPU
		{7C0A47D0-0ABA-4718-AE61-2D82A84A9FF9}.Debug|Windows-x86.ActiveCfg = Debug|Any CPU
		{7C0A47D0-0ABA-4718-AE61-2D82A84A9FF9}.Debug|x86.ActiveCfg = Debug|Any CPU
		{7C0A47D0-0ABA-4718-AE61-2D82A84A9FF9}.Distribution|Android.ActiveCfg = Debug|Any CPU
		{7C0A47D0-0ABA-4718-AE61-2D82A84A9FF9}.Distribution|Any CPU.ActiveCfg = Debug|Any CPU
		{7C0A47D0-0ABA-4718-AE61-2D82A84A9FF9}.Distribution|Any CPU.Build.0 = Debug|Any CPU
		{7C0A47D0-0ABA-4718-AE61-2D82A84A9FF9}.Distribution|ARM.ActiveCfg = Debug|Any CPU
		{7C0A47D0-0ABA-4718-AE61-2D82A84A9FF9}.Distribution|iOS.ActiveCfg = Debug|Any CPU
		{7C0A47D0-0ABA-4718-AE61-2D82A84A9FF9}.Distribution|Mixed Platforms.ActiveCfg = Debug|Any CPU
		{7C0A47D0-0ABA-4718-AE61-2D82A84A9FF9}.Distribution|Mixed Platforms.Build.0 = Debug|Any CPU
		{7C0A47D0-0ABA-4718-AE61-2D82A84A9FF9}.Distribution|Windows Phone.ActiveCfg = Debug|Any CPU
		{7C0A47D0-0ABA-4718-AE61-2D82A84A9FF9}.Distribution|Windows-AnyCPU.ActiveCfg = Debug|Any CPU
		{7C0A47D0-0ABA-4718-AE61-2D82A84A9FF9}.Distribution|Windows-ARM.ActiveCfg = Debug|Any CPU
		{7C0A47D0-0ABA-4718-AE61-2D82A84A9FF9}.Distribution|Windows-x64.ActiveCfg = Debug|Any CPU
		{7C0A47D0-0ABA-4718-AE61-2D82A84A9FF9}.Distribution|Windows-x86.ActiveCfg = Debug|Any CPU
		{7C0A47D0-0ABA-4718-AE61-2D82A84A9FF9}.Distribution|x86.ActiveCfg = Debug|Any CPU
		{7C0A47D0-0ABA-4718-AE61-2D82A84A9FF9}.Release|Android.ActiveCfg = Release|Any CPU
		{7C0A47D0-0ABA-4718-AE61-2D82A84A9FF9}.Release|Any CPU.ActiveCfg = Release|Any CPU
		{7C0A47D0-0ABA-4718-AE61-2D82A84A9FF9}.Release|Any CPU.Build.0 = Release|Any CPU
		{7C0A47D0-0ABA-4718-AE61-2D82A84A9FF9}.Release|ARM.ActiveCfg = Release|Any CPU
		{7C0A47D0-0ABA-4718-AE61-2D82A84A9FF9}.Release|iOS.ActiveCfg = Release|Any CPU
		{7C0A47D0-0ABA-4718-AE61-2D82A84A9FF9}.Release|Mixed Platforms.ActiveCfg = Release|Any CPU
		{7C0A47D0-0ABA-4718-AE61-2D82A84A9FF9}.Release|Mixed Platforms.Build.0 = Release|Any CPU
		{7C0A47D0-0ABA-4718-AE61-2D82A84A9FF9}.Release|Windows Phone.ActiveCfg = Release|Any CPU
		{7C0A47D0-0ABA-4718-AE61-2D82A84A9FF9}.Release|Windows-AnyCPU.ActiveCfg = Release|Any CPU
		{7C0A47D0-0ABA-4718-AE61-2D82A84A9FF9}.Release|Windows-ARM.ActiveCfg = Release|Any CPU
		{7C0A47D0-0ABA-4718-AE61-2D82A84A9FF9}.Release|Windows-x64.ActiveCfg = Release|Any CPU
		{7C0A47D0-0ABA-4718-AE61-2D82A84A9FF9}.Release|Windows-x86.ActiveCfg = Release|Any CPU
		{7C0A47D0-0ABA-4718-AE61-2D82A84A9FF9}.Release|x86.ActiveCfg = Release|Any CPU
		{D8F9881E-D97E-4D61-B374-31BFD1687564}.Debug|Android.ActiveCfg = Debug|Any CPU
		{D8F9881E-D97E-4D61-B374-31BFD1687564}.Debug|Any CPU.ActiveCfg = Debug|Any CPU
		{D8F9881E-D97E-4D61-B374-31BFD1687564}.Debug|Any CPU.Build.0 = Debug|Any CPU
		{D8F9881E-D97E-4D61-B374-31BFD1687564}.Debug|Any CPU.Deploy.0 = Debug|Any CPU
		{D8F9881E-D97E-4D61-B374-31BFD1687564}.Debug|ARM.ActiveCfg = Debug|ARM
		{D8F9881E-D97E-4D61-B374-31BFD1687564}.Debug|ARM.Build.0 = Debug|ARM
		{D8F9881E-D97E-4D61-B374-31BFD1687564}.Debug|ARM.Deploy.0 = Debug|ARM
		{D8F9881E-D97E-4D61-B374-31BFD1687564}.Debug|iOS.ActiveCfg = Debug|Any CPU
		{D8F9881E-D97E-4D61-B374-31BFD1687564}.Debug|Mixed Platforms.ActiveCfg = Debug|x86
		{D8F9881E-D97E-4D61-B374-31BFD1687564}.Debug|Mixed Platforms.Build.0 = Debug|x86
		{D8F9881E-D97E-4D61-B374-31BFD1687564}.Debug|Mixed Platforms.Deploy.0 = Debug|x86
		{D8F9881E-D97E-4D61-B374-31BFD1687564}.Debug|Windows Phone.ActiveCfg = Debug|Any CPU
		{D8F9881E-D97E-4D61-B374-31BFD1687564}.Debug|Windows-AnyCPU.ActiveCfg = Debug|Any CPU
		{D8F9881E-D97E-4D61-B374-31BFD1687564}.Debug|Windows-ARM.ActiveCfg = Debug|Any CPU
		{D8F9881E-D97E-4D61-B374-31BFD1687564}.Debug|Windows-x64.ActiveCfg = Debug|Any CPU
		{D8F9881E-D97E-4D61-B374-31BFD1687564}.Debug|Windows-x86.ActiveCfg = Debug|Any CPU
		{D8F9881E-D97E-4D61-B374-31BFD1687564}.Debug|x86.ActiveCfg = Debug|x86
		{D8F9881E-D97E-4D61-B374-31BFD1687564}.Debug|x86.Build.0 = Debug|x86
		{D8F9881E-D97E-4D61-B374-31BFD1687564}.Debug|x86.Deploy.0 = Debug|x86
		{D8F9881E-D97E-4D61-B374-31BFD1687564}.Distribution|Android.ActiveCfg = Debug|Any CPU
		{D8F9881E-D97E-4D61-B374-31BFD1687564}.Distribution|Any CPU.ActiveCfg = Debug|Any CPU
		{D8F9881E-D97E-4D61-B374-31BFD1687564}.Distribution|Any CPU.Build.0 = Debug|Any CPU
		{D8F9881E-D97E-4D61-B374-31BFD1687564}.Distribution|Any CPU.Deploy.0 = Debug|Any CPU
		{D8F9881E-D97E-4D61-B374-31BFD1687564}.Distribution|ARM.ActiveCfg = Debug|ARM
		{D8F9881E-D97E-4D61-B374-31BFD1687564}.Distribution|ARM.Build.0 = Debug|ARM
		{D8F9881E-D97E-4D61-B374-31BFD1687564}.Distribution|ARM.Deploy.0 = Debug|ARM
		{D8F9881E-D97E-4D61-B374-31BFD1687564}.Distribution|iOS.ActiveCfg = Debug|Any CPU
		{D8F9881E-D97E-4D61-B374-31BFD1687564}.Distribution|Mixed Platforms.ActiveCfg = Debug|x86
		{D8F9881E-D97E-4D61-B374-31BFD1687564}.Distribution|Mixed Platforms.Build.0 = Debug|x86
		{D8F9881E-D97E-4D61-B374-31BFD1687564}.Distribution|Mixed Platforms.Deploy.0 = Debug|x86
		{D8F9881E-D97E-4D61-B374-31BFD1687564}.Distribution|Windows Phone.ActiveCfg = Debug|Any CPU
		{D8F9881E-D97E-4D61-B374-31BFD1687564}.Distribution|Windows-AnyCPU.ActiveCfg = Debug|Any CPU
		{D8F9881E-D97E-4D61-B374-31BFD1687564}.Distribution|Windows-ARM.ActiveCfg = Debug|Any CPU
		{D8F9881E-D97E-4D61-B374-31BFD1687564}.Distribution|Windows-x64.ActiveCfg = Debug|Any CPU
		{D8F9881E-D97E-4D61-B374-31BFD1687564}.Distribution|Windows-x86.ActiveCfg = Debug|Any CPU
		{D8F9881E-D97E-4D61-B374-31BFD1687564}.Distribution|x86.ActiveCfg = Debug|x86
		{D8F9881E-D97E-4D61-B374-31BFD1687564}.Distribution|x86.Build.0 = Debug|x86
		{D8F9881E-D97E-4D61-B374-31BFD1687564}.Distribution|x86.Deploy.0 = Debug|x86
		{D8F9881E-D97E-4D61-B374-31BFD1687564}.Release|Android.ActiveCfg = Release|Any CPU
		{D8F9881E-D97E-4D61-B374-31BFD1687564}.Release|Any CPU.ActiveCfg = Release|Any CPU
		{D8F9881E-D97E-4D61-B374-31BFD1687564}.Release|Any CPU.Build.0 = Release|Any CPU
		{D8F9881E-D97E-4D61-B374-31BFD1687564}.Release|Any CPU.Deploy.0 = Release|Any CPU
		{D8F9881E-D97E-4D61-B374-31BFD1687564}.Release|ARM.ActiveCfg = Release|ARM
		{D8F9881E-D97E-4D61-B374-31BFD1687564}.Release|ARM.Build.0 = Release|ARM
		{D8F9881E-D97E-4D61-B374-31BFD1687564}.Release|ARM.Deploy.0 = Release|ARM
		{D8F9881E-D97E-4D61-B374-31BFD1687564}.Release|iOS.ActiveCfg = Release|Any CPU
		{D8F9881E-D97E-4D61-B374-31BFD1687564}.Release|Mixed Platforms.ActiveCfg = Release|x86
		{D8F9881E-D97E-4D61-B374-31BFD1687564}.Release|Mixed Platforms.Build.0 = Release|x86
		{D8F9881E-D97E-4D61-B374-31BFD1687564}.Release|Mixed Platforms.Deploy.0 = Release|x86
		{D8F9881E-D97E-4D61-B374-31BFD1687564}.Release|Windows Phone.ActiveCfg = Release|Any CPU
		{D8F9881E-D97E-4D61-B374-31BFD1687564}.Release|Windows-AnyCPU.ActiveCfg = Release|Any CPU
		{D8F9881E-D97E-4D61-B374-31BFD1687564}.Release|Windows-ARM.ActiveCfg = Release|Any CPU
		{D8F9881E-D97E-4D61-B374-31BFD1687564}.Release|Windows-x64.ActiveCfg = Release|Any CPU
		{D8F9881E-D97E-4D61-B374-31BFD1687564}.Release|Windows-x86.ActiveCfg = Release|Any CPU
		{D8F9881E-D97E-4D61-B374-31BFD1687564}.Release|x86.ActiveCfg = Release|x86
		{D8F9881E-D97E-4D61-B374-31BFD1687564}.Release|x86.Build.0 = Release|x86
		{D8F9881E-D97E-4D61-B374-31BFD1687564}.Release|x86.Deploy.0 = Release|x86
		{1EA7450D-F7B6-458F-9078-00AAB74D95CF}.Debug|Android.ActiveCfg = Debug|Android
		{1EA7450D-F7B6-458F-9078-00AAB74D95CF}.Debug|Android.Build.0 = Debug|Android
		{1EA7450D-F7B6-458F-9078-00AAB74D95CF}.Debug|Android.Deploy.0 = Debug|Android
		{1EA7450D-F7B6-458F-9078-00AAB74D95CF}.Debug|Any CPU.ActiveCfg = Debug|Android
		{1EA7450D-F7B6-458F-9078-00AAB74D95CF}.Debug|ARM.ActiveCfg = Debug|Windows-ARM
		{1EA7450D-F7B6-458F-9078-00AAB74D95CF}.Debug|iOS.ActiveCfg = Debug|iOS
		{1EA7450D-F7B6-458F-9078-00AAB74D95CF}.Debug|iOS.Build.0 = Debug|iOS
		{1EA7450D-F7B6-458F-9078-00AAB74D95CF}.Debug|iOS.Deploy.0 = Debug|iOS
		{1EA7450D-F7B6-458F-9078-00AAB74D95CF}.Debug|Mixed Platforms.ActiveCfg = Debug|Android
		{1EA7450D-F7B6-458F-9078-00AAB74D95CF}.Debug|Mixed Platforms.Build.0 = Debug|Android
		{1EA7450D-F7B6-458F-9078-00AAB74D95CF}.Debug|Mixed Platforms.Deploy.0 = Debug|Android
		{1EA7450D-F7B6-458F-9078-00AAB74D95CF}.Debug|Windows Phone.ActiveCfg = Debug|Windows Phone
		{1EA7450D-F7B6-458F-9078-00AAB74D95CF}.Debug|Windows Phone.Build.0 = Debug|Windows Phone
		{1EA7450D-F7B6-458F-9078-00AAB74D95CF}.Debug|Windows Phone.Deploy.0 = Debug|Windows Phone
		{1EA7450D-F7B6-458F-9078-00AAB74D95CF}.Debug|Windows-AnyCPU.ActiveCfg = Debug|Windows-AnyCPU
		{1EA7450D-F7B6-458F-9078-00AAB74D95CF}.Debug|Windows-AnyCPU.Build.0 = Debug|Windows-AnyCPU
		{1EA7450D-F7B6-458F-9078-00AAB74D95CF}.Debug|Windows-AnyCPU.Deploy.0 = Debug|Windows-AnyCPU
		{1EA7450D-F7B6-458F-9078-00AAB74D95CF}.Debug|Windows-ARM.ActiveCfg = Debug|Windows-ARM
		{1EA7450D-F7B6-458F-9078-00AAB74D95CF}.Debug|Windows-ARM.Build.0 = Debug|Windows-ARM
		{1EA7450D-F7B6-458F-9078-00AAB74D95CF}.Debug|Windows-ARM.Deploy.0 = Debug|Windows-ARM
		{1EA7450D-F7B6-458F-9078-00AAB74D95CF}.Debug|Windows-x64.ActiveCfg = Debug|Windows-x64
		{1EA7450D-F7B6-458F-9078-00AAB74D95CF}.Debug|Windows-x64.Build.0 = Debug|Windows-x64
		{1EA7450D-F7B6-458F-9078-00AAB74D95CF}.Debug|Windows-x64.Deploy.0 = Debug|Windows-x64
		{1EA7450D-F7B6-458F-9078-00AAB74D95CF}.Debug|Windows-x86.ActiveCfg = Debug|Windows-x86
		{1EA7450D-F7B6-458F-9078-00AAB74D95CF}.Debug|Windows-x86.Build.0 = Debug|Windows-x86
		{1EA7450D-F7B6-458F-9078-00AAB74D95CF}.Debug|Windows-x86.Deploy.0 = Debug|Windows-x86
		{1EA7450D-F7B6-458F-9078-00AAB74D95CF}.Debug|x86.ActiveCfg = Debug|Windows-x86
		{1EA7450D-F7B6-458F-9078-00AAB74D95CF}.Distribution|Android.ActiveCfg = Distribution|Android
		{1EA7450D-F7B6-458F-9078-00AAB74D95CF}.Distribution|Android.Build.0 = Distribution|Android
		{1EA7450D-F7B6-458F-9078-00AAB74D95CF}.Distribution|Android.Deploy.0 = Distribution|Android
		{1EA7450D-F7B6-458F-9078-00AAB74D95CF}.Distribution|Any CPU.ActiveCfg = Distribution|Android
		{1EA7450D-F7B6-458F-9078-00AAB74D95CF}.Distribution|ARM.ActiveCfg = Distribution|Windows-ARM
		{1EA7450D-F7B6-458F-9078-00AAB74D95CF}.Distribution|iOS.ActiveCfg = Distribution|iOS
		{1EA7450D-F7B6-458F-9078-00AAB74D95CF}.Distribution|iOS.Build.0 = Distribution|iOS
		{1EA7450D-F7B6-458F-9078-00AAB74D95CF}.Distribution|iOS.Deploy.0 = Distribution|iOS
		{1EA7450D-F7B6-458F-9078-00AAB74D95CF}.Distribution|Mixed Platforms.ActiveCfg = Distribution|Android
		{1EA7450D-F7B6-458F-9078-00AAB74D95CF}.Distribution|Mixed Platforms.Build.0 = Distribution|Android
		{1EA7450D-F7B6-458F-9078-00AAB74D95CF}.Distribution|Mixed Platforms.Deploy.0 = Distribution|Android
		{1EA7450D-F7B6-458F-9078-00AAB74D95CF}.Distribution|Windows Phone.ActiveCfg = Distribution|Windows Phone
		{1EA7450D-F7B6-458F-9078-00AAB74D95CF}.Distribution|Windows Phone.Build.0 = Distribution|Windows Phone
		{1EA7450D-F7B6-458F-9078-00AAB74D95CF}.Distribution|Windows Phone.Deploy.0 = Distribution|Windows Phone
		{1EA7450D-F7B6-458F-9078-00AAB74D95CF}.Distribution|Windows-AnyCPU.ActiveCfg = Distribution|Windows-AnyCPU
		{1EA7450D-F7B6-458F-9078-00AAB74D95CF}.Distribution|Windows-AnyCPU.Build.0 = Distribution|Windows-AnyCPU
		{1EA7450D-F7B6-458F-9078-00AAB74D95CF}.Distribution|Windows-AnyCPU.Deploy.0 = Distribution|Windows-AnyCPU
		{1EA7450D-F7B6-458F-9078-00AAB74D95CF}.Distribution|Windows-ARM.ActiveCfg = Distribution|Windows-ARM
		{1EA7450D-F7B6-458F-9078-00AAB74D95CF}.Distribution|Windows-ARM.Build.0 = Distribution|Windows-ARM
		{1EA7450D-F7B6-458F-9078-00AAB74D95CF}.Distribution|Windows-ARM.Deploy.0 = Distribution|Windows-ARM
		{1EA7450D-F7B6-458F-9078-00AAB74D95CF}.Distribution|Windows-x64.ActiveCfg = Distribution|Windows-x64
		{1EA7450D-F7B6-458F-9078-00AAB74D95CF}.Distribution|Windows-x64.Build.0 = Distribution|Windows-x64
		{1EA7450D-F7B6-458F-9078-00AAB74D95CF}.Distribution|Windows-x64.Deploy.0 = Distribution|Windows-x64
		{1EA7450D-F7B6-458F-9078-00AAB74D95CF}.Distribution|Windows-x86.ActiveCfg = Distribution|Windows-x86
		{1EA7450D-F7B6-458F-9078-00AAB74D95CF}.Distribution|Windows-x86.Build.0 = Distribution|Windows-x86
		{1EA7450D-F7B6-458F-9078-00AAB74D95CF}.Distribution|Windows-x86.Deploy.0 = Distribution|Windows-x86
		{1EA7450D-F7B6-458F-9078-00AAB74D95CF}.Distribution|x86.ActiveCfg = Distribution|Windows-x86
		{1EA7450D-F7B6-458F-9078-00AAB74D95CF}.Release|Android.ActiveCfg = Release|Android
		{1EA7450D-F7B6-458F-9078-00AAB74D95CF}.Release|Android.Build.0 = Release|Android
		{1EA7450D-F7B6-458F-9078-00AAB74D95CF}.Release|Android.Deploy.0 = Release|Android
		{1EA7450D-F7B6-458F-9078-00AAB74D95CF}.Release|Any CPU.ActiveCfg = Release|Android
		{1EA7450D-F7B6-458F-9078-00AAB74D95CF}.Release|ARM.ActiveCfg = Release|Windows-ARM
		{1EA7450D-F7B6-458F-9078-00AAB74D95CF}.Release|iOS.ActiveCfg = Release|iOS
		{1EA7450D-F7B6-458F-9078-00AAB74D95CF}.Release|iOS.Build.0 = Release|iOS
		{1EA7450D-F7B6-458F-9078-00AAB74D95CF}.Release|iOS.Deploy.0 = Release|iOS
		{1EA7450D-F7B6-458F-9078-00AAB74D95CF}.Release|Mixed Platforms.ActiveCfg = Release|Android
		{1EA7450D-F7B6-458F-9078-00AAB74D95CF}.Release|Mixed Platforms.Build.0 = Release|Android
		{1EA7450D-F7B6-458F-9078-00AAB74D95CF}.Release|Mixed Platforms.Deploy.0 = Release|Android
		{1EA7450D-F7B6-458F-9078-00AAB74D95CF}.Release|Windows Phone.ActiveCfg = Release|Windows Phone
		{1EA7450D-F7B6-458F-9078-00AAB74D95CF}.Release|Windows Phone.Build.0 = Release|Windows Phone
		{1EA7450D-F7B6-458F-9078-00AAB74D95CF}.Release|Windows Phone.Deploy.0 = Release|Windows Phone
		{1EA7450D-F7B6-458F-9078-00AAB74D95CF}.Release|Windows-AnyCPU.ActiveCfg = Release|Windows-AnyCPU
		{1EA7450D-F7B6-458F-9078-00AAB74D95CF}.Release|Windows-AnyCPU.Build.0 = Release|Windows-AnyCPU
		{1EA7450D-F7B6-458F-9078-00AAB74D95CF}.Release|Windows-AnyCPU.Deploy.0 = Release|Windows-AnyCPU
		{1EA7450D-F7B6-458F-9078-00AAB74D95CF}.Release|Windows-ARM.ActiveCfg = Release|Windows-ARM
		{1EA7450D-F7B6-458F-9078-00AAB74D95CF}.Release|Windows-ARM.Build.0 = Release|Windows-ARM
		{1EA7450D-F7B6-458F-9078-00AAB74D95CF}.Release|Windows-ARM.Deploy.0 = Release|Windows-ARM
		{1EA7450D-F7B6-458F-9078-00AAB74D95CF}.Release|Windows-x64.ActiveCfg = Release|Windows-x64
		{1EA7450D-F7B6-458F-9078-00AAB74D95CF}.Release|Windows-x64.Build.0 = Release|Windows-x64
		{1EA7450D-F7B6-458F-9078-00AAB74D95CF}.Release|Windows-x64.Deploy.0 = Release|Windows-x64
		{1EA7450D-F7B6-458F-9078-00AAB74D95CF}.Release|Windows-x86.ActiveCfg = Release|Windows-x86
		{1EA7450D-F7B6-458F-9078-00AAB74D95CF}.Release|Windows-x86.Build.0 = Release|Windows-x86
		{1EA7450D-F7B6-458F-9078-00AAB74D95CF}.Release|Windows-x86.Deploy.0 = Release|Windows-x86
		{1EA7450D-F7B6-458F-9078-00AAB74D95CF}.Release|x86.ActiveCfg = Release|Windows-x86
	EndGlobalSection
	GlobalSection(SolutionProperties) = preSolution
		HideSolutionNode = FALSE
	EndGlobalSection
EndGlobal
